
Microsoft Visual Studio Solution File, Format Version 12.00
# Visual Studio 15
VisualStudioVersion = 15.0.28010.0
MinimumVisualStudioVersion = 10.0.40219.1
Project("{FAE04EC0-301F-11D3-BF4B-00C04F79EFBC}") = "DotNet2HTML", "DotNet2HTML\DotNet2HTML.csproj", "{B565D7E1-9B17-4C57-B592-C2431777C9D4}"
EndProject
Project("{FAE04EC0-301F-11D3-BF4B-00C04F79EFBC}") = "DotNet2HTML.Test", "DotNet2HTML.Test\DotNet2HTML.Test.csproj", "{F89B9C7E-FB60-45FA-87FB-45CCF7D972CD}"
EndProject
Global
	GlobalSection(SolutionConfigurationPlatforms) = preSolution
		Debug|Any CPU = Debug|Any CPU
		Release|Any CPU = Release|Any CPU
	EndGlobalSection
	GlobalSection(ProjectConfigurationPlatforms) = postSolution
		{B565D7E1-9B17-4C57-B592-C2431777C9D4}.Debug|Any CPU.ActiveCfg = Debug|Any CPU
		{B565D7E1-9B17-4C57-B592-C2431777C9D4}.Debug|Any CPU.Build.0 = Debug|Any CPU
		{B565D7E1-9B17-4C57-B592-C2431777C9D4}.Release|Any CPU.ActiveCfg = Release|Any CPU
		{B565D7E1-9B17-4C57-B592-C2431777C9D4}.Release|Any CPU.Build.0 = Release|Any CPU
		{F89B9C7E-FB60-45FA-87FB-45CCF7D972CD}.Debug|Any CPU.ActiveCfg = Debug|Any CPU
		{F89B9C7E-FB60-45FA-87FB-45CCF7D972CD}.Debug|Any CPU.Build.0 = Debug|Any CPU
		{F89B9C7E-FB60-45FA-87FB-45CCF7D972CD}.Release|Any CPU.ActiveCfg = Release|Any CPU
		{F89B9C7E-FB60-45FA-87FB-45CCF7D972CD}.Release|Any CPU.Build.0 = Release|Any CPU
	EndGlobalSection
	GlobalSection(SolutionProperties) = preSolution
		HideSolutionNode = FALSE
	EndGlobalSection
	GlobalSection(ExtensibilityGlobals) = postSolution
		SolutionGuid = {9E973BAB-812F-4D0A-B0F5-EFF5783EA3A0}
	EndGlobalSection
EndGlobal
